
Microsoft Visual Studio Solution File, Format Version 12.00
# Visual Studio Version 17
VisualStudioVersion = 17.13.35825.156
MinimumVisualStudioVersion = 10.0.40219.1
Project("{2150E333-8FDC-42A3-9474-1A3956D46DE8}") = "Services", "Services", "{02EA681E-C7D8-13C7-8484-4AC65E1B71E8}"
EndProject
Project("{2150E333-8FDC-42A3-9474-1A3956D46DE8}") = "Contracts", "Contracts", "{7C50BB6A-FCA4-4946-8A77-3BB1C0697F70}"
EndProject
Project("{2150E333-8FDC-42A3-9474-1A3956D46DE8}") = "Tests", "Tests", "{62ADE505-E291-4706-AB7B-928E967F2513}"
EndProject
Project("{FAE04EC0-301F-11D3-BF4B-00C04F79EFBC}") = "BookingService", "Services\BookingService\BookingService.csproj", "{E8D9916E-CDAA-4B8A-8E76-E5260501B683}"
EndProject
Project("{FAE04EC0-301F-11D3-BF4B-00C04F79EFBC}") = "Events", "Contracts\Events\Events.csproj", "{A97E04AE-BB95-4C36-A2F0-226B5D6C54F1}"
EndProject
Project("{FAE04EC0-301F-11D3-BF4B-00C04F79EFBC}") = "Messages", "Contracts\Messages\Messages.csproj", "{32A0D324-5DDF-4E16-AB54-5C6E66947D7D}"
EndProject
Project("{E53339B2-1760-4266-BCC7-CA923CBCF16C}") = "docker-compose", "docker-compose.dcproj", "{81DDED9D-158B-E303-5F62-77A2896D2A5A}"
EndProject
Project("{FAE04EC0-301F-11D3-BF4B-00C04F79EFBC}") = "PaymentService", "Services\PaymentService\PaymentService.csproj", "{FEE18140-C939-43DA-8C23-B6157FFC3651}"
EndProject
Global
	GlobalSection(SolutionConfigurationPlatforms) = preSolution
		Debug|Any CPU = Debug|Any CPU
		Release|Any CPU = Release|Any CPU
	EndGlobalSection
	GlobalSection(ProjectConfigurationPlatforms) = postSolution
		{E8D9916E-CDAA-4B8A-8E76-E5260501B683}.Debug|Any CPU.ActiveCfg = Debug|Any CPU
		{E8D9916E-CDAA-4B8A-8E76-E5260501B683}.Debug|Any CPU.Build.0 = Debug|Any CPU
		{E8D9916E-CDAA-4B8A-8E76-E5260501B683}.Release|Any CPU.ActiveCfg = Release|Any CPU
		{E8D9916E-CDAA-4B8A-8E76-E5260501B683}.Release|Any CPU.Build.0 = Release|Any CPU
		{A97E04AE-BB95-4C36-A2F0-226B5D6C54F1}.Debug|Any CPU.ActiveCfg = Debug|Any CPU
		{A97E04AE-BB95-4C36-A2F0-226B5D6C54F1}.Debug|Any CPU.Build.0 = Debug|Any CPU
		{A97E04AE-BB95-4C36-A2F0-226B5D6C54F1}.Release|Any CPU.ActiveCfg = Release|Any CPU
		{A97E04AE-BB95-4C36-A2F0-226B5D6C54F1}.Release|Any CPU.Build.0 = Release|Any CPU
		{32A0D324-5DDF-4E16-AB54-5C6E66947D7D}.Debug|Any CPU.ActiveCfg = Debug|Any CPU
		{32A0D324-5DDF-4E16-AB54-5C6E66947D7D}.Debug|Any CPU.Build.0 = Debug|Any CPU
		{32A0D324-5DDF-4E16-AB54-5C6E66947D7D}.Release|Any CPU.ActiveCfg = Release|Any CPU
		{32A0D324-5DDF-4E16-AB54-5C6E66947D7D}.Release|Any CPU.Build.0 = Release|Any CPU
		{81DDED9D-158B-E303-5F62-77A2896D2A5A}.Debug|Any CPU.ActiveCfg = Debug|Any CPU
		{81DDED9D-158B-E303-5F62-77A2896D2A5A}.Debug|Any CPU.Build.0 = Debug|Any CPU
		{81DDED9D-158B-E303-5F62-77A2896D2A5A}.Release|Any CPU.ActiveCfg = Release|Any CPU
		{81DDED9D-158B-E303-5F62-77A2896D2A5A}.Release|Any CPU.Build.0 = Release|Any CPU
		{FEE18140-C939-43DA-8C23-B6157FFC3651}.Debug|Any CPU.ActiveCfg = Debug|Any CPU
		{FEE18140-C939-43DA-8C23-B6157FFC3651}.Debug|Any CPU.Build.0 = Debug|Any CPU
		{FEE18140-C939-43DA-8C23-B6157FFC3651}.Release|Any CPU.ActiveCfg = Release|Any CPU
		{FEE18140-C939-43DA-8C23-B6157FFC3651}.Release|Any CPU.Build.0 = Release|Any CPU
	EndGlobalSection
	GlobalSection(SolutionProperties) = preSolution
		HideSolutionNode = FALSE
	EndGlobalSection
	GlobalSection(NestedProjects) = preSolution
		{E8D9916E-CDAA-4B8A-8E76-E5260501B683} = {02EA681E-C7D8-13C7-8484-4AC65E1B71E8}
		{A97E04AE-BB95-4C36-A2F0-226B5D6C54F1} = {7C50BB6A-FCA4-4946-8A77-3BB1C0697F70}
		{32A0D324-5DDF-4E16-AB54-5C6E66947D7D} = {7C50BB6A-FCA4-4946-8A77-3BB1C0697F70}
		{FEE18140-C939-43DA-8C23-B6157FFC3651} = {02EA681E-C7D8-13C7-8484-4AC65E1B71E8}
	EndGlobalSection
	GlobalSection(ExtensibilityGlobals) = postSolution
		SolutionGuid = {C0CD7207-742B-4CE6-B188-A0219C25F7AC}
	EndGlobalSection
EndGlobal
